
Microsoft Visual Studio Solution File, Format Version 12.00
# Visual Studio Version 17
VisualStudioVersion = 17.5.002.0
MinimumVisualStudioVersion = 10.0.40219.1
Project("{9A19103F-16F7-4668-BE54-9A1E7A4F7556}") = "employee", "employee\employee.csproj", "{D083A63C-571D-4A9C-98AC-F1C084297315}"
EndProject
Global
	GlobalSection(SolutionConfigurationPlatforms) = preSolution
		Debug|Any CPU = Debug|Any CPU
		Release|Any CPU = Release|Any CPU
	EndGlobalSection
	GlobalSection(ProjectConfigurationPlatforms) = postSolution
		{D083A63C-571D-4A9C-98AC-F1C084297315}.Debug|Any CPU.ActiveCfg = Debug|Any CPU
		{D083A63C-571D-4A9C-98AC-F1C084297315}.Debug|Any CPU.Build.0 = Debug|Any CPU
		{D083A63C-571D-4A9C-98AC-F1C084297315}.Release|Any CPU.ActiveCfg = Release|Any CPU
		{D083A63C-571D-4A9C-98AC-F1C084297315}.Release|Any CPU.Build.0 = Release|Any CPU
	EndGlobalSection
	GlobalSection(SolutionProperties) = preSolution
		HideSolutionNode = FALSE
	EndGlobalSection
	GlobalSection(ExtensibilityGlobals) = postSolution
		SolutionGuid = {5182BA3E-A785-433D-8468-BF3E1726C631}
	EndGlobalSection
EndGlobal
